
Microsoft Visual Studio Solution File, Format Version 12.00
# Visual Studio 15
VisualStudioVersion = 15.0.28307.329
MinimumVisualStudioVersion = 10.0.40219.1
Project("{FAE04EC0-301F-11D3-BF4B-00C04F79EFBC}") = "MANSR VIEWER", "MANSR VIEWER\MANSR VIEWER.csproj", "{4F1247CA-CD77-46FF-B51D-82E26ED276C3}"
EndProject
Project("{54435603-DBB4-11D2-8724-00A0C9A8B90C}") = "ManSR", "ManSR\ManSR.vdproj", "{04B0575E-340C-4405-887D-6EEEA2FB9C16}"
EndProject
Global
	GlobalSection(SolutionConfigurationPlatforms) = preSolution
		Debug|Any CPU = Debug|Any CPU
		Release|Any CPU = Release|Any CPU
	EndGlobalSection
	GlobalSection(ProjectConfigurationPlatforms) = postSolution
		{4F1247CA-CD77-46FF-B51D-82E26ED276C3}.Debug|Any CPU.ActiveCfg = Debug|Any CPU
		{4F1247CA-CD77-46FF-B51D-82E26ED276C3}.Debug|Any CPU.Build.0 = Debug|Any CPU
		{4F1247CA-CD77-46FF-B51D-82E26ED276C3}.Release|Any CPU.ActiveCfg = Release|Any CPU
		{4F1247CA-CD77-46FF-B51D-82E26ED276C3}.Release|Any CPU.Build.0 = Release|Any CPU
		{04B0575E-340C-4405-887D-6EEEA2FB9C16}.Debug|Any CPU.ActiveCfg = Debug
		{04B0575E-340C-4405-887D-6EEEA2FB9C16}.Release|Any CPU.ActiveCfg = Release
	EndGlobalSection
	GlobalSection(SolutionProperties) = preSolution
		HideSolutionNode = FALSE
	EndGlobalSection
	GlobalSection(ExtensibilityGlobals) = postSolution
		SolutionGuid = {6B715025-BFC0-4C94-B0D0-5B2138E81CE2}
	EndGlobalSection
EndGlobal
